{
  "version": 4,
  "terraform_version": "1.5.1",
  "serial": 22,
  "lineage": "7a77559a-e8d7-e286-5745-95d819c9d35c",
  "outputs": {},
  "resources": [
    {
      "module": "module.n_i_c",
      "mode": "managed",
      "type": "azurerm_network_interface",
      "name": "mynic",
      "provider": "provider[\"registry.terraform.io/hashicorp/azurerm\"]",
      "instances": [
        {
          "schema_version": 0,
          "attributes": {
            "applied_dns_servers": [],
            "dns_servers": [],
            "edge_zone": "",
            "enable_accelerated_networking": false,
            "enable_ip_forwarding": false,
            "id": "/subscriptions/ee22c8f0-93df-4b47-925a-d337fef522fe/resourceGroups/rg-bytf-chirag-001/providers/Microsoft.Network/networkInterfaces/nic-bytf-chirag-001",
            "internal_dns_name_label": "",
            "internal_domain_name_suffix": "5h5yfg2jmypunn2qv354dxfc0h.bx.internal.cloudapp.net",
            "ip_configuration": [
              {
                "gateway_load_balancer_frontend_ip_configuration_id": "",
                "name": "my-ip-configuration",
                "primary": true,
                "private_ip_address": "10.0.0.4",
                "private_ip_address_allocation": "Dynamic",
                "private_ip_address_version": "IPv4",
                "public_ip_address_id": "/subscriptions/ee22c8f0-93df-4b47-925a-d337fef522fe/resourceGroups/rg-bytf-chirag-001/providers/Microsoft.Network/publicIPAddresses/pubip-bytf-chirag-001",
                "subnet_id": "/subscriptions/ee22c8f0-93df-4b47-925a-d337fef522fe/resourceGroups/rg-bytf-chirag-001/providers/Microsoft.Network/virtualNetworks/vnet-bytf-chirag-001/subnets/subnet-bytf-chirag-001"
              }
            ],
            "location": "eastus",
            "mac_address": "",
            "name": "nic-bytf-chirag-001",
            "private_ip_address": "10.0.0.4",
            "private_ip_addresses": [
              "10.0.0.4"
            ],
            "resource_group_name": "rg-bytf-chirag-001",
            "tags": null,
            "timeouts": null,
            "virtual_machine_id": ""
          },
          "sensitive_attributes": [],
          "private": "eyJlMmJmYjczMC1lY2FhLTExZTYtOGY4OC0zNDM2M2JjN2M0YzAiOnsiY3JlYXRlIjoxODAwMDAwMDAwMDAwLCJkZWxldGUiOjE4MDAwMDAwMDAwMDAsInJlYWQiOjMwMDAwMDAwMDAwMCwidXBkYXRlIjoxODAwMDAwMDAwMDAwfX0=",
          "dependencies": [
            "module.pub_ip.azurerm_public_ip.mypubip",
            "module.rg_module.azurerm_resource_group.myrg",
            "module.vnet_module.azurerm_subnet.mysubnet",
            "module.vnet_module.azurerm_virtual_network.myvnet"
          ]
        }
      ]
    },
    {
      "module": "module.n_s_g",
      "mode": "managed",
      "type": "azurerm_network_security_group",
      "name": "mynsg",
      "provider": "provider[\"registry.terraform.io/hashicorp/azurerm\"]",
      "instances": [
        {
          "schema_version": 0,
          "attributes": {
            "id": "/subscriptions/ee22c8f0-93df-4b47-925a-d337fef522fe/resourceGroups/rg-bytf-chirag-001/providers/Microsoft.Network/networkSecurityGroups/nsg-bytf-chirag-001",
            "location": "eastus",
            "name": "nsg-bytf-chirag-001",
            "resource_group_name": "rg-bytf-chirag-001",
            "security_rule": [
              {
                "access": "Allow",
                "description": "",
                "destination_address_prefix": "*",
                "destination_address_prefixes": [],
                "destination_application_security_group_ids": [],
                "destination_port_range": "22",
                "destination_port_ranges": [],
                "direction": "Inbound",
                "name": "SSH",
                "priority": 1001,
                "protocol": "Tcp",
                "source_address_prefix": "*",
                "source_address_prefixes": [],
                "source_application_security_group_ids": [],
                "source_port_range": "*",
                "source_port_ranges": []
              }
            ],
            "tags": null,
            "timeouts": null
          },
          "sensitive_attributes": [],
          "private": "eyJlMmJmYjczMC1lY2FhLTExZTYtOGY4OC0zNDM2M2JjN2M0YzAiOnsiY3JlYXRlIjoxODAwMDAwMDAwMDAwLCJkZWxldGUiOjE4MDAwMDAwMDAwMDAsInJlYWQiOjMwMDAwMDAwMDAwMCwidXBkYXRlIjoxODAwMDAwMDAwMDAwfX0=",
          "dependencies": [
            "module.rg_module.azurerm_resource_group.myrg"
          ]
        }
      ]
    },
    {
      "module": "module.pub_ip",
      "mode": "managed",
      "type": "azurerm_public_ip",
      "name": "mypubip",
      "provider": "provider[\"registry.terraform.io/hashicorp/azurerm\"]",
      "instances": [
        {
          "schema_version": 0,
          "attributes": {
            "allocation_method": "Static",
            "ddos_protection_mode": "VirtualNetworkInherited",
            "ddos_protection_plan_id": null,
            "domain_name_label": null,
            "edge_zone": "",
            "fqdn": null,
            "id": "/subscriptions/ee22c8f0-93df-4b47-925a-d337fef522fe/resourceGroups/rg-bytf-chirag-001/providers/Microsoft.Network/publicIPAddresses/pubip-bytf-chirag-001",
            "idle_timeout_in_minutes": 4,
            "ip_address": "172.190.241.157",
            "ip_tags": null,
            "ip_version": "IPv4",
            "location": "eastus",
            "name": "pubip-bytf-chirag-001",
            "public_ip_prefix_id": null,
            "resource_group_name": "rg-bytf-chirag-001",
            "reverse_fqdn": null,
            "sku": "Basic",
            "sku_tier": "Regional",
            "tags": null,
            "timeouts": null,
            "zones": null
          },
          "sensitive_attributes": [],
          "private": "eyJlMmJmYjczMC1lY2FhLTExZTYtOGY4OC0zNDM2M2JjN2M0YzAiOnsiY3JlYXRlIjoxODAwMDAwMDAwMDAwLCJkZWxldGUiOjE4MDAwMDAwMDAwMDAsInJlYWQiOjMwMDAwMDAwMDAwMCwidXBkYXRlIjoxODAwMDAwMDAwMDAwfX0=",
          "dependencies": [
            "module.rg_module.azurerm_resource_group.myrg"
          ]
        }
      ]
    },
    {
      "module": "module.rg_module",
      "mode": "managed",
      "type": "azurerm_resource_group",
      "name": "myrg",
      "provider": "provider[\"registry.terraform.io/hashicorp/azurerm\"]",
      "instances": [
        {
          "schema_version": 0,
          "attributes": {
            "id": "/subscriptions/ee22c8f0-93df-4b47-925a-d337fef522fe/resourceGroups/rg-bytf-chirag-001",
            "location": "eastus",
            "name": "rg-bytf-chirag-001",
            "tags": null,
            "timeouts": null
          },
          "sensitive_attributes": [],
          "private": "eyJlMmJmYjczMC1lY2FhLTExZTYtOGY4OC0zNDM2M2JjN2M0YzAiOnsiY3JlYXRlIjo1NDAwMDAwMDAwMDAwLCJkZWxldGUiOjU0MDAwMDAwMDAwMDAsInJlYWQiOjMwMDAwMDAwMDAwMCwidXBkYXRlIjo1NDAwMDAwMDAwMDAwfX0="
        }
      ]
    },
    {
      "module": "module.vm",
      "mode": "managed",
      "type": "azurerm_linux_virtual_machine",
      "name": "myvm",
      "provider": "provider[\"registry.terraform.io/hashicorp/azurerm\"]",
      "instances": [
        {
          "schema_version": 0,
          "attributes": {
            "additional_capabilities": [],
            "admin_password": "chiragvm@123",
            "admin_ssh_key": [],
            "admin_username": "chirag",
            "allow_extension_operations": true,
            "availability_set_id": "",
            "boot_diagnostics": [],
            "capacity_reservation_group_id": "",
            "computer_name": "vm-bytf-chirag-001",
            "custom_data": null,
            "dedicated_host_group_id": "",
            "dedicated_host_id": "",
            "disable_password_authentication": false,
            "edge_zone": "",
            "encryption_at_host_enabled": false,
            "eviction_policy": "",
            "extensions_time_budget": "PT1H30M",
            "gallery_application": [],
            "id": "/subscriptions/ee22c8f0-93df-4b47-925a-d337fef522fe/resourceGroups/rg-bytf-chirag-001/providers/Microsoft.Compute/virtualMachines/vm-bytf-chirag-001",
            "identity": [],
            "license_type": "",
            "location": "eastus",
            "max_bid_price": -1,
            "name": "vm-bytf-chirag-001",
            "network_interface_ids": [
              "/subscriptions/ee22c8f0-93df-4b47-925a-d337fef522fe/resourceGroups/rg-bytf-chirag-001/providers/Microsoft.Network/networkInterfaces/nic-bytf-chirag-001"
            ],
            "os_disk": [
              {
                "caching": "ReadWrite",
                "diff_disk_settings": [],
                "disk_encryption_set_id": "",
                "disk_size_gb": 30,
                "name": "my-os-disk",
                "secure_vm_disk_encryption_set_id": "",
                "security_encryption_type": "",
                "storage_account_type": "Standard_LRS",
                "write_accelerator_enabled": false
              }
            ],
            "patch_assessment_mode": "ImageDefault",
            "patch_mode": "ImageDefault",
            "plan": [],
            "platform_fault_domain": -1,
            "priority": "Regular",
            "private_ip_address": "10.0.0.4",
            "private_ip_addresses": [
              "10.0.0.4"
            ],
            "provision_vm_agent": true,
            "proximity_placement_group_id": "",
            "public_ip_address": "172.190.241.157",
            "public_ip_addresses": [
              "172.190.241.157"
            ],
            "resource_group_name": "rg-bytf-chirag-001",
            "secret": [],
            "secure_boot_enabled": false,
            "size": "Standard_DS1_v2",
            "source_image_id": "",
            "source_image_reference": [
              {
                "offer": "UbuntuServer",
                "publisher": "Canonical",
                "sku": "18.04-LTS",
                "version": "latest"
              }
            ],
            "tags": null,
            "termination_notification": null,
            "timeouts": null,
            "user_data": "",
            "virtual_machine_id": "2186d0d4-f1c5-4a2c-8599-1b15490f66fb",
            "virtual_machine_scale_set_id": "",
            "vtpm_enabled": false,
            "zone": ""
          },
          "sensitive_attributes": [],
          "private": "eyJlMmJmYjczMC1lY2FhLTExZTYtOGY4OC0zNDM2M2JjN2M0YzAiOnsiY3JlYXRlIjoyNzAwMDAwMDAwMDAwLCJkZWxldGUiOjI3MDAwMDAwMDAwMDAsInJlYWQiOjMwMDAwMDAwMDAwMCwidXBkYXRlIjoyNzAwMDAwMDAwMDAwfX0=",
          "dependencies": [
            "module.n_i_c.azurerm_network_interface.mynic",
            "module.pub_ip.azurerm_public_ip.mypubip",
            "module.rg_module.azurerm_resource_group.myrg",
            "module.vnet_module.azurerm_subnet.mysubnet",
            "module.vnet_module.azurerm_virtual_network.myvnet"
          ]
        }
      ]
    },
    {
      "module": "module.vnet_module",
      "mode": "managed",
      "type": "azurerm_subnet",
      "name": "mysubnet",
      "provider": "provider[\"registry.terraform.io/hashicorp/azurerm\"]",
      "instances": [
        {
          "schema_version": 0,
          "attributes": {
            "address_prefixes": [
              "10.0.0.0/24"
            ],
            "delegation": [],
            "enforce_private_link_endpoint_network_policies": false,
            "enforce_private_link_service_network_policies": false,
            "id": "/subscriptions/ee22c8f0-93df-4b47-925a-d337fef522fe/resourceGroups/rg-bytf-chirag-001/providers/Microsoft.Network/virtualNetworks/vnet-bytf-chirag-001/subnets/subnet-bytf-chirag-001",
            "name": "subnet-bytf-chirag-001",
            "private_endpoint_network_policies_enabled": true,
            "private_link_service_network_policies_enabled": true,
            "resource_group_name": "rg-bytf-chirag-001",
            "service_endpoint_policy_ids": null,
            "service_endpoints": null,
            "timeouts": null,
            "virtual_network_name": "vnet-bytf-chirag-001"
          },
          "sensitive_attributes": [],
          "private": "eyJlMmJmYjczMC1lY2FhLTExZTYtOGY4OC0zNDM2M2JjN2M0YzAiOnsiY3JlYXRlIjoxODAwMDAwMDAwMDAwLCJkZWxldGUiOjE4MDAwMDAwMDAwMDAsInJlYWQiOjMwMDAwMDAwMDAwMCwidXBkYXRlIjoxODAwMDAwMDAwMDAwfX0=",
          "dependencies": [
            "module.rg_module.azurerm_resource_group.myrg",
            "module.vnet_module.azurerm_virtual_network.myvnet"
          ]
        }
      ]
    },
    {
      "module": "module.vnet_module",
      "mode": "managed",
      "type": "azurerm_virtual_network",
      "name": "myvnet",
      "provider": "provider[\"registry.terraform.io/hashicorp/azurerm\"]",
      "instances": [
        {
          "schema_version": 0,
          "attributes": {
            "address_space": [
              "10.0.0.0/16"
            ],
            "bgp_community": "",
            "ddos_protection_plan": [],
            "dns_servers": [],
            "edge_zone": "",
            "flow_timeout_in_minutes": 0,
            "guid": "9b82fff9-6689-461f-b790-af7fe1dca2d7",
            "id": "/subscriptions/ee22c8f0-93df-4b47-925a-d337fef522fe/resourceGroups/rg-bytf-chirag-001/providers/Microsoft.Network/virtualNetworks/vnet-bytf-chirag-001",
            "location": "eastus",
            "name": "vnet-bytf-chirag-001",
            "resource_group_name": "rg-bytf-chirag-001",
            "subnet": [],
            "tags": null,
            "timeouts": null
          },
          "sensitive_attributes": [],
          "private": "eyJlMmJmYjczMC1lY2FhLTExZTYtOGY4OC0zNDM2M2JjN2M0YzAiOnsiY3JlYXRlIjoxODAwMDAwMDAwMDAwLCJkZWxldGUiOjE4MDAwMDAwMDAwMDAsInJlYWQiOjMwMDAwMDAwMDAwMCwidXBkYXRlIjoxODAwMDAwMDAwMDAwfX0=",
          "dependencies": [
            "module.rg_module.azurerm_resource_group.myrg"
          ]
        }
      ]
    }
  ],
  "check_results": null
}
